
Microsoft Visual Studio Solution File, Format Version 12.00
# Visual Studio Version 17
VisualStudioVersion = 17.14.36908.2 d17.14
MinimumVisualStudioVersion = 10.0.40219.1
Project("{FAE04EC0-301F-11D3-BF4B-00C04F79EFBC}") = "CodeAtlas.App", "CodeAtlas.App\CodeAtlas.App.csproj", "{09F2FE3C-1186-4F5C-B06A-F4E9E530E262}"
EndProject
Project("{FAE04EC0-301F-11D3-BF4B-00C04F79EFBC}") = "CodeAtlas.Roslyn", "CodeAtlas.Roslyn\CodeAtlas.Roslyn.csproj", "{33D5AA3D-29E7-4062-AEF8-76A934C6AF1C}"
EndProject
Global
	GlobalSection(SolutionConfigurationPlatforms) = preSolution
		Debug|Any CPU = Debug|Any CPU
		Release|Any CPU = Release|Any CPU
	EndGlobalSection
	GlobalSection(ProjectConfigurationPlatforms) = postSolution
		{09F2FE3C-1186-4F5C-B06A-F4E9E530E262}.Debug|Any CPU.ActiveCfg = Debug|Any CPU
		{09F2FE3C-1186-4F5C-B06A-F4E9E530E262}.Debug|Any CPU.Build.0 = Debug|Any CPU
		{09F2FE3C-1186-4F5C-B06A-F4E9E530E262}.Release|Any CPU.ActiveCfg = Release|Any CPU
		{09F2FE3C-1186-4F5C-B06A-F4E9E530E262}.Release|Any CPU.Build.0 = Release|Any CPU
		{33D5AA3D-29E7-4062-AEF8-76A934C6AF1C}.Debug|Any CPU.ActiveCfg = Debug|Any CPU
		{33D5AA3D-29E7-4062-AEF8-76A934C6AF1C}.Debug|Any CPU.Build.0 = Debug|Any CPU
		{33D5AA3D-29E7-4062-AEF8-76A934C6AF1C}.Release|Any CPU.ActiveCfg = Release|Any CPU
		{33D5AA3D-29E7-4062-AEF8-76A934C6AF1C}.Release|Any CPU.Build.0 = Release|Any CPU
	EndGlobalSection
	GlobalSection(SolutionProperties) = preSolution
		HideSolutionNode = FALSE
	EndGlobalSection
	GlobalSection(ExtensibilityGlobals) = postSolution
		SolutionGuid = {3B3E7E09-0BEF-42FE-AF8E-442B24DBC5A2}
	EndGlobalSection
EndGlobal
